
Microsoft Visual Studio Solution File, Format Version 12.00
# Visual Studio Version 17
VisualStudioVersion = 17.3.32901.215
MinimumVisualStudioVersion = 10.0.40219.1
Project("{FAE04EC0-301F-11D3-BF4B-00C04F79EFBC}") = "MvcMovie", "MvcMovie\MvcMovie.csproj", "{DDD65EC8-820A-465C-ABF4-662F3A5319B2}"
EndProject
Global
	GlobalSection(SolutionConfigurationPlatforms) = preSolution
		Debug|Any CPU = Debug|Any CPU
		Release|Any CPU = Release|Any CPU
	EndGlobalSection
	GlobalSection(ProjectConfigurationPlatforms) = postSolution
		{DDD65EC8-820A-465C-ABF4-662F3A5319B2}.Debug|Any CPU.ActiveCfg = Debug|Any CPU
		{DDD65EC8-820A-465C-ABF4-662F3A5319B2}.Debug|Any CPU.Build.0 = Debug|Any CPU
		{DDD65EC8-820A-465C-ABF4-662F3A5319B2}.Release|Any CPU.ActiveCfg = Release|Any CPU
		{DDD65EC8-820A-465C-ABF4-662F3A5319B2}.Release|Any CPU.Build.0 = Release|Any CPU
	EndGlobalSection
	GlobalSection(SolutionProperties) = preSolution
		HideSolutionNode = FALSE
	EndGlobalSection
	GlobalSection(ExtensibilityGlobals) = postSolution
		SolutionGuid = {C5F3A82D-89F6-4263-8EDA-10374D9AE052}
	EndGlobalSection
EndGlobal
